PODS:
  - Capacitor (7.6.2):
    - CapacitorCordova
  - CapacitorCordova (7.6.2)
  - CapacitorKeyboard (7.0.6):
    - Capacitor
  - CapacitorStatusBar (7.0.6):
    - Capacitor

DEPENDENCIES:
  - "Capacitor (from `../../node_modules/.pnpm/@capacitor+ios@7.6.2_@capacitor+core@7.6.2/node_modules/@capacitor/ios`)"
  - "CapacitorCordova (from `../../node_modules/.pnpm/@capacitor+ios@7.6.2_@capacitor+core@7.6.2/node_modules/@capacitor/ios`)"
  - "CapacitorKeyboard (from `../../node_modules/.pnpm/@capacitor+keyboard@7.0.6_@capacitor+core@7.6.2/node_modules/@capacitor/keyboard`)"
  - "CapacitorStatusBar (from `../../node_modules/.pnpm/@capacitor+status-bar@7.0.6_@capacitor+core@7.6.2/node_modules/@capacitor/status-bar`)"

EXTERNAL SOURCES:
  Capacitor:
    :path: "../../node_modules/.pnpm/@capacitor+ios@7.6.2_@capacitor+core@7.6.2/node_modules/@capacitor/ios"
  CapacitorCordova:
    :path: "../../node_modules/.pnpm/@capacitor+ios@7.6.2_@capacitor+core@7.6.2/node_modules/@capacitor/ios"
  CapacitorKeyboard:
    :path: "../../node_modules/.pnpm/@capacitor+keyboard@7.0.6_@capacitor+core@7.6.2/node_modules/@capacitor/keyboard"
  CapacitorStatusBar:
    :path: "../../node_modules/.pnpm/@capacitor+status-bar@7.0.6_@capacitor+core@7.6.2/node_modules/@capacitor/status-bar"

SPEC CHECKSUMS:
  Capacitor: 5d4e6523047feb0e4755e5e922ded0372c2dde24
  CapacitorCordova: 8214697bed435f6e7c5e3ed86d1632a8c42f7d77
  CapacitorKeyboard: a2e0869edd229490ce36aed2549c0d6b95e27ee8
  CapacitorStatusBar: 416e9e53fd6397e668d4a181cd2131617d949bd6

PODFILE CHECKSUM: 985bc166fcc4d1f580e5d4740e0bb3459bb8219b

COCOAPODS: 1.16.2
